# This file may be used to create an environment using:
# $ conda create --name <env> --file <this file>
# platform: linux-64
# created-by: conda 26.1.1
@EXPLICIT
https://repo.anaconda.com/pkgs/main/linux-64/_libgcc_mutex-0.1-main.conda
https://conda.anaconda.org/conda-forge/noarch/ca-certificates-2026.6.17-hbd8a1cb_0.conda
https://conda.anaconda.org/conda-forge/linux-64/eigen-5.0.1-hc65338a_0.conda
https://conda.anaconda.org/conda-forge/noarch/font-ttf-dejavu-sans-mono-2.37-hab24e00_0.tar.bz2
https://conda.anaconda.org/conda-forge/noarch/font-ttf-inconsolata-3.000-h77eed37_0.tar.bz2
https://conda.anaconda.org/conda-forge/noarch/font-ttf-source-code-pro-2.038-h77eed37_0.tar.bz2
https://conda.anaconda.org/conda-forge/noarch/font-ttf-ubuntu-0.83-h77eed37_3.conda
https://repo.anaconda.com/pkgs/main/linux-64/ld_impl_linux-64-2.44-h9e0c5a2_3.conda
https://conda.anaconda.org/conda-forge/linux-64/libboost-headers-1.88.0-ha770c72_6.conda
https://conda.anaconda.org/conda-forge/linux-64/libglvnd-1.7.0-ha4b6fd6_2.conda
https://repo.anaconda.com/pkgs/main/linux-64/libgomp-15.2.0-h4751f2c_7.conda
https://conda.anaconda.org/conda-forge/linux-64/nlohmann_json-3.12.0-h54a6638_1.conda
https://conda.anaconda.org/conda-forge/noarch/nomkl-1.0-h5ca1d4c_0.tar.bz2
https://conda.anaconda.org/conda-forge/noarch/pybind11-abi-4-hd8ed1ab_3.tar.bz2
https://repo.anaconda.com/pkgs/main/noarch/tzdata-2026a-he532380_0.conda
https://conda.anaconda.org/conda-forge/linux-64/utfcpp-4.09-ha770c72_0.conda
https://conda.anaconda.org/conda-forge/noarch/wayland-protocols-1.49-hd8ed1ab_0.conda
https://repo.anaconda.com/pkgs/main/linux-64/_openmp_mutex-5.1-1_gnu.conda
https://conda.anaconda.org/conda-forge/noarch/fonts-conda-forge-1-hc364b38_1.conda
https://conda.anaconda.org/conda-forge/linux-64/libegl-1.7.0-ha4b6fd6_2.conda
https://conda.anaconda.org/conda-forge/linux-64/libopengl-1.7.0-ha4b6fd6_2.conda
https://conda.anaconda.org/conda-forge/noarch/fonts-conda-ecosystem-1-0.tar.bz2
https://repo.anaconda.com/pkgs/main/linux-64/libgcc-15.2.0-h69a1729_7.conda
https://conda.anaconda.org/conda-forge/linux-64/libopengl-devel-1.7.0-ha4b6fd6_2.conda
https://conda.anaconda.org/conda-forge/linux-64/alsa-lib-1.2.16.1-hb03c661_0.conda
https://conda.anaconda.org/conda-forge/linux-64/c-ares-1.34.6-hb03c661_0.conda
https://conda.anaconda.org/conda-forge/linux-64/fribidi-1.0.16-hb03c661_0.conda
https://conda.anaconda.org/conda-forge/linux-64/keyutils-1.6.3-hb9d3cd8_0.conda
https://conda.anaconda.org/conda-forge/linux-64/libbrotlicommon-1.2.0-hb03c661_1.conda
https://conda.anaconda.org/conda-forge/linux-64/libcap-2.78-hd0affe5_0.conda
https://conda.anaconda.org/conda-forge/linux-64/libdeflate-1.25-h17f619e_0.conda
https://repo.anaconda.com/pkgs/main/linux-64/libgcc-ng-15.2.0-h166f726_7.conda
https://conda.anaconda.org/conda-forge/linux-64/libgfortran5-15.2.0-h68bc16d_19.conda
https://conda.anaconda.org/conda-forge/linux-64/libiconv-1.18-h3b78370_2.conda
https://conda.anaconda.org/conda-forge/linux-64/libjpeg-turbo-3.1.4.1-hb03c661_0.conda
https://conda.anaconda.org/conda-forge/linux-64/liblzma-5.8.2-hb03c661_0.conda
https://conda.anaconda.org/conda-forge/linux-64/libntlm-1.8-hb9d3cd8_0.conda
https://conda.anaconda.org/conda-forge/linux-64/libogg-1.3.5-hd0c01bc_1.conda
https://conda.anaconda.org/conda-forge/linux-64/libopus-1.6.1-h280c20c_0.conda
https://conda.anaconda.org/conda-forge/linux-64/libpciaccess-0.19-hb03c661_0.conda
https://repo.anaconda.com/pkgs/main/linux-64/libstdcxx-15.2.0-h39759b7_7.conda
https://conda.anaconda.org/conda-forge/linux-64/libuv-1.52.1-h280c20c_0.conda
https://conda.anaconda.org/conda-forge/linux-64/libwebp-base-1.6.0-hd42ef1d_0.conda
https://conda.anaconda.org/conda-forge/linux-64/openssl-3.6.3-h35e630c_0.conda
https://conda.anaconda.org/conda-forge/linux-64/rav1e-0.7.1-h8fae777_3.conda
https://conda.anaconda.org/conda-forge/linux-64/xorg-libice-1.1.2-hb9d3cd8_0.conda
https://repo.anaconda.com/pkgs/main/linux-64/xz-5.8.2-h448239c_0.conda
https://repo.anaconda.com/pkgs/main/linux-64/bzip2-1.0.8-h5eee18b_6.conda
https://conda.anaconda.org/conda-forge/linux-64/dav1d-1.2.1-hd590300_0.conda
https://conda.anaconda.org/conda-forge/linux-64/double-conversion-3.3.1-h5888daf_0.conda
https://conda.anaconda.org/conda-forge/linux-64/fmt-11.2.0-h07f6e7f_0.conda
https://conda.anaconda.org/conda-forge/linux-64/graphite2-1.3.15-hecca717_0.conda
https://conda.anaconda.org/conda-forge/linux-64/jsoncpp-1.9.6-hf42df4d_1.conda
https://conda.anaconda.org/conda-forge/linux-64/jxrlib-1.1-hd590300_3.conda
https://conda.anaconda.org/conda-forge/linux-64/lame-3.100-h166bdaf_1003.tar.bz2
https://conda.anaconda.org/conda-forge/linux-64/lerc-4.1.0-hdb68285_0.conda
https://conda.anaconda.org/conda-forge/linux-64/level-zero-1.29.0-hb700be7_0.conda
https://conda.anaconda.org/conda-forge/linux-64/libabseil-20250127.0-cxx17_hbbce691_0.conda
https://conda.anaconda.org/conda-forge/linux-64/libaec-1.1.5-h088129d_0.conda
https://conda.anaconda.org/conda-forge/linux-64/libasprintf-0.25.1-h3f43e3d_1.conda
https://conda.anaconda.org/conda-forge/linux-64/libbrotlidec-1.2.0-hb03c661_1.conda
https://conda.anaconda.org/conda-forge/linux-64/libbrotlienc-1.2.0-hb03c661_1.conda
https://conda.anaconda.org/conda-forge/linux-64/libdrm-2.4.127-hb03c661_0.conda
https://conda.anaconda.org/conda-forge/linux-64/libev-4.33-hd590300_2.conda
https://repo.anaconda.com/pkgs/main/linux-64/libexpat-2.7.4-h7354ed3_0.conda
https://conda.anaconda.org/conda-forge/linux-64/libflac-1.5.0-he200343_1.conda
https://conda.anaconda.org/conda-forge/linux-64/libgettextpo-0.25.1-h3f43e3d_1.conda
https://conda.anaconda.org/conda-forge/linux-64/libgfortran-15.2.0-h69a702a_19.conda
https://conda.anaconda.org/conda-forge/linux-64/libglu-9.0.3-h5888daf_1.conda
https://conda.anaconda.org/conda-forge/linux-64/liblzma-devel-5.8.2-hb03c661_0.conda
https://repo.anaconda.com/pkgs/main/linux-64/libnsl-2.0.0-h5eee18b_0.conda
https://repo.anaconda.com/pkgs/main/linux-64/libstdcxx-ng-15.2.0-hc03a8fd_7.conda
https://conda.anaconda.org/conda-forge/linux-64/libsystemd0-261.1-h6f4a2f1_0.conda
https://conda.anaconda.org/conda-forge/linux-64/libudev1-261.1-h6f4a2f1_0.conda
https://conda.anaconda.org/conda-forge/linux-64/libunwind-1.8.3-h65a8314_0.conda
https://conda.anaconda.org/conda-forge/linux-64/liburing-2.12-hb700be7_0.conda
https://repo.anaconda.com/pkgs/main/linux-64/libuuid-1.41.5-h5eee18b_0.conda
https://conda.anaconda.org/conda-forge/linux-64/libvorbis-1.3.7-h54a6638_2.conda
https://conda.anaconda.org/conda-forge/linux-64/libxcrypt-4.4.36-hd590300_1.conda
https://repo.anaconda.com/pkgs/main/linux-64/libzlib-1.3.1-hb25bd0a_0.conda
https://conda.anaconda.org/conda-forge/linux-64/lz4-c-1.10.0-h5888daf_1.conda
https://conda.anaconda.org/conda-forge/linux-64/mpg123-1.32.9-hc50e24c_0.conda
https://repo.anaconda.com/pkgs/main/linux-64/ncurses-6.5-h7934f7d_0.conda
https://conda.anaconda.org/conda-forge/linux-64/opencl-headers-2025.06.13-hecca717_0.conda
https://conda.anaconda.org/conda-forge/linux-64/openh264-2.6.0-h65dd3cf_1.conda
https://conda.anaconda.org/conda-forge/linux-64/pixman-0.46.4-h54a6638_1.conda
https://repo.anaconda.com/pkgs/main/linux-64/pthread-stubs-0.3-h0ce48e5_1.conda
https://conda.anaconda.org/conda-forge/linux-64/pugixml-1.15-h3f63f65_0.conda
https://conda.anaconda.org/conda-forge/linux-64/rapidjson-1.1.0.post20240409-h3f2d84a_2.conda
https://conda.anaconda.org/conda-forge/linux-64/sleef-3.9.0-ha0421bc_0.conda
https://conda.anaconda.org/conda-forge/linux-64/snappy-1.2.2-h03e3b7b_1.conda
https://conda.anaconda.org/conda-forge/linux-64/svt-av1-3.0.2-h5888daf_0.conda
https://conda.anaconda.org/conda-forge/linux-64/x264-1!164.3095-h166bdaf_2.tar.bz2
https://repo.anaconda.com/pkgs/main/linux-64/xorg-libxau-1.0.12-h9b100fa_0.conda
https://repo.anaconda.com/pkgs/main/linux-64/xorg-libxdmcp-1.1.5-h9b100fa_0.conda
https://repo.anaconda.com/pkgs/main/linux-64/xorg-xorgproto-2024.1-h5eee18b_1.conda
https://conda.anaconda.org/conda-forge/linux-64/zlib-ng-2.3.3-hceb46e0_1.conda
https://conda.anaconda.org/conda-forge/linux-64/aom-3.9.1-hac33072_0.conda
https://conda.anaconda.org/conda-forge/linux-64/brotli-bin-1.2.0-hb03c661_1.conda
https://repo.anaconda.com/pkgs/main/linux-64/expat-2.7.4-h7354ed3_0.conda
https://conda.anaconda.org/conda-forge/linux-64/gmp-6.3.0-hac33072_2.conda
https://conda.anaconda.org/conda-forge/linux-64/hdf4-4.2.15-h2a13503_7.conda
https://conda.anaconda.org/conda-forge/linux-64/icu-75.1-he02047a_0.conda
https://conda.anaconda.org/conda-forge/linux-64/imath-3.1.12-h7955e40_0.conda
https://conda.anaconda.org/conda-forge/linux-64/libedit-3.1.20250104-pl5321h7949ede_0.conda
https://repo.anaconda.com/pkgs/main/linux-64/libffi-3.4.4-h6a678d5_1.conda
https://conda.anaconda.org/conda-forge/linux-64/libnghttp2-1.68.1-h877daf1_0.conda
https://conda.anaconda.org/conda-forge/linux-64/libopenblas-0.3.33-pthreads_h94d23a6_0.conda
https://conda.anaconda.org/conda-forge/linux-64/libpng-1.6.55-h421ea60_0.conda
https://conda.anaconda.org/conda-forge/linux-64/libprotobuf-5.29.3-h501fc15_0.conda
https://conda.anaconda.org/conda-forge/linux-64/libsndfile-1.2.2-hc7d488a_2.conda
https://conda.anaconda.org/conda-forge/linux-64/libsqlite-3.52.0-h0c1763c_0.conda
https://conda.anaconda.org/conda-forge/linux-64/libssh2-1.11.1-hcf80075_0.conda
https://conda.anaconda.org/conda-forge/linux-64/libtheora-1.1.1-h4ab18f5_1006.conda
https://conda.anaconda.org/conda-forge/linux-64/libusb-1.0.29-h73b1eb8_0.conda
https://conda.anaconda.org/conda-forge/linux-64/libvpx-1.14.1-hac33072_0.conda
https://repo.anaconda.com/pkgs/main/linux-64/libxcb-1.17.0-h9b100fa_0.conda
https://conda.anaconda.org/conda-forge/linux-64/libzip-1.11.2-h6991a6a_0.conda
https://conda.anaconda.org/conda-forge/linux-64/ocl-icd-2.3.4-hb03c661_1.conda
https://conda.anaconda.org/conda-forge/linux-64/pcre2-10.46-h1321c63_0.conda
https://repo.anaconda.com/pkgs/main/linux-64/readline-8.3-hc2a1206_0.conda
https://conda.anaconda.org/conda-forge/linux-64/x265-3.5-h924138e_3.tar.bz2
https://repo.anaconda.com/pkgs/main/linux-64/xorg-libsm-1.2.6-h9b100fa_0.conda
https://repo.anaconda.com/pkgs/main/linux-64/zlib-1.3.1-hb25bd0a_0.conda
https://conda.anaconda.org/conda-forge/linux-64/zstd-1.5.7-hb78ec9c_6.conda
https://conda.anaconda.org/conda-forge/linux-64/blosc-1.21.6-he440d0b_1.conda
https://conda.anaconda.org/conda-forge/linux-64/brotli-1.2.0-hed03a55_1.conda
https://conda.anaconda.org/conda-forge/linux-64/krb5-1.21.3-h659f571_0.conda
https://conda.anaconda.org/conda-forge/linux-64/libavif16-1.3.0-h766b0b6_0.conda
https://conda.anaconda.org/conda-forge/linux-64/libblas-3.11.0-8_h4a7cf45_openblas.conda
https://conda.anaconda.org/conda-forge/linux-64/libboost-1.88.0-hed09d94_6.conda
https://conda.anaconda.org/conda-forge/linux-64/libfreetype6-2.14.2-h73754d4_0.conda
https://repo.anaconda.com/pkgs/main/linux-64/libglib-2.86.3-h8b17d9a_0.conda
https://conda.anaconda.org/conda-forge/linux-64/libtiff-4.7.1-h9d88235_1.conda
https://conda.anaconda.org/conda-forge/linux-64/libxml2-2.13.9-h04c0eec_0.conda
https://conda.anaconda.org/conda-forge/linux-64/mpfr-4.2.2-he0a73b1_0.conda
https://conda.anaconda.org/conda-forge/linux-64/openblas-0.3.33-pthreads_h6ec200e_0.conda
https://conda.anaconda.org/conda-forge/linux-64/openexr-3.3.5-h09fa569_0.conda
https://repo.anaconda.com/pkgs/main/linux-64/sqlite-3.51.2-h3e8d24a_0.conda
https://repo.anaconda.com/pkgs/main/linux-64/wayland-1.24.0-hdac8c69_0.conda
https://conda.anaconda.org/conda-forge/linux-64/xcb-util-0.4.1-h4f16b4b_2.conda
https://conda.anaconda.org/conda-forge/linux-64/xcb-util-keysyms-0.4.1-hb711507_0.conda
https://conda.anaconda.org/conda-forge/linux-64/xcb-util-renderutil-0.3.10-hb711507_0.conda
https://conda.anaconda.org/conda-forge/linux-64/xcb-util-wm-0.4.2-hb711507_0.conda
https://repo.anaconda.com/pkgs/main/linux-64/xorg-libx11-1.8.12-h9b100fa_1.conda
https://conda.anaconda.org/conda-forge/linux-64/cyrus-sasl-2.1.28-hd9c7081_0.conda
https://conda.anaconda.org/conda-forge/linux-64/dbus-1.16.2-h24cb091_1.conda
https://conda.anaconda.org/conda-forge/linux-64/gdk-pixbuf-2.44.5-h2b0a6b4_0.conda
https://conda.anaconda.org/conda-forge/linux-64/lcms2-2.19.1-h0c24ade_1.conda
https://conda.anaconda.org/conda-forge/linux-64/libboost-devel-1.88.0-hfcd1e18_6.conda
https://conda.anaconda.org/conda-forge/linux-64/libcblas-3.11.0-8_h0358290_openblas.conda
https://conda.anaconda.org/conda-forge/linux-64/libcups-2.3.3-hb8b1518_5.conda
https://conda.anaconda.org/conda-forge/linux-64/libcurl-8.18.0-h4e3cde8_0.conda
https://conda.anaconda.org/conda-forge/linux-64/libfreetype-2.14.2-ha770c72_0.conda
https://conda.anaconda.org/conda-forge/linux-64/libglx-1.7.0-ha4b6fd6_2.conda
https://repo.anaconda.com/pkgs/main/linux-64/libhwloc-2.13.0-default_he712815_1000.conda
https://conda.anaconda.org/conda-forge/linux-64/liblapack-3.11.0-8_h47877c9_openblas.conda
https://repo.anaconda.com/pkgs/main/linux-64/libllvm21-21.1.8-h5ad376a_0.conda
https://repo.anaconda.com/pkgs/main/linux-64/libllvm22-22.1.2-hfb1d434_0.conda
https://conda.anaconda.org/conda-forge/linux-64/libxslt-1.1.43-h7a3aeb2_0.conda
https://conda.anaconda.org/conda-forge/linux-64/mpc-1.4.0-he0a73b1_0.conda
https://conda.anaconda.org/conda-forge/linux-64/openjpeg-2.5.4-h55fea9a_0.conda
https://repo.anaconda.com/pkgs/main/linux-64/tk-8.6.15-h54e0aa7_0.conda
https://conda.anaconda.org/conda-forge/linux-64/xcb-util-image-0.4.0-hb711507_2.conda
https://conda.anaconda.org/conda-forge/linux-64/xkeyboard-config-2.46-hb03c661_0.conda
https://conda.anaconda.org/conda-forge/linux-64/xorg-libxext-1.3.7-hb03c661_0.conda
https://conda.anaconda.org/conda-forge/linux-64/xorg-libxfixes-6.0.2-hb03c661_0.conda
https://conda.anaconda.org/conda-forge/linux-64/xorg-libxrender-0.9.12-hb9d3cd8_0.conda
https://conda.anaconda.org/conda-forge/linux-64/xorg-libxt-1.3.1-hb9d3cd8_0.conda
https://conda.anaconda.org/conda-forge/linux-64/freetype-2.14.2-ha770c72_0.conda
https://conda.anaconda.org/conda-forge/linux-64/hdf5-1.14.6-nompi_h19486de_106.conda
https://conda.anaconda.org/conda-forge/linux-64/libclang-cpp21.1-21.1.8-default_h99862b1_4.conda
https://conda.anaconda.org/conda-forge/linux-64/libclang13-22.1.0-default_h746c552_0.conda
https://conda.anaconda.org/conda-forge/linux-64/libgl-1.7.0-ha4b6fd6_2.conda
https://conda.anaconda.org/conda-forge/linux-64/libglx-devel-1.7.0-ha4b6fd6_2.conda
https://conda.anaconda.org/conda-forge/linux-64/liblapacke-3.11.0-8_h6ae95b6_openblas.conda
https://conda.anaconda.org/conda-forge/linux-64/libxkbcommon-1.11.0-he8b52b9_0.conda
https://conda.anaconda.org/conda-forge/linux-64/openldap-2.6.10-he970967_0.conda
https://conda.anaconda.org/conda-forge/linux-64/proj-9.6.2-h18fbb6c_2.conda
https://conda.anaconda.org/conda-forge/linux-64/pulseaudio-client-17.0-h9a6aba3_3.conda
https://repo.anaconda.com/pkgs/main/linux-64/python-3.11.15-h741d88c_0.conda
https://conda.anaconda.org/conda-forge/linux-64/tbb-2023.0.0-hab88423_2.conda
https://conda.anaconda.org/conda-forge/linux-64/xcb-util-cursor-0.1.6-hb03c661_0.conda
https://conda.anaconda.org/conda-forge/linux-64/xorg-libxcomposite-0.4.7-hb03c661_0.conda
https://conda.anaconda.org/conda-forge/linux-64/xorg-libxcursor-1.2.3-hb9d3cd8_0.conda
https://conda.anaconda.org/conda-forge/linux-64/xorg-libxdamage-1.1.6-hb9d3cd8_0.conda
https://conda.anaconda.org/conda-forge/linux-64/xorg-libxi-1.8.2-hb9d3cd8_0.conda
https://conda.anaconda.org/conda-forge/linux-64/xorg-libxmu-1.3.1-hb03c661_0.conda
https://conda.anaconda.org/conda-forge/linux-64/xorg-libxrandr-1.5.5-hb03c661_0.conda
https://conda.anaconda.org/conda-forge/linux-64/xorg-libxscrnsaver-1.2.4-hb9d3cd8_0.conda
https://conda.anaconda.org/conda-forge/linux-64/xorg-libxxf86vm-1.1.7-hb03c661_0.conda
https://conda.anaconda.org/conda-forge/noarch/aiohappyeyeballs-2.7.1-pyhd8ed1ab_0.conda
https://conda.anaconda.org/conda-forge/noarch/attrs-26.1.0-pyhcf101f3_0.conda
https://conda.anaconda.org/conda-forge/linux-64/blas-devel-3.11.0-8_h1ea3ea9_openblas.conda
https://conda.anaconda.org/conda-forge/noarch/cached_property-1.5.2-pyha770c72_2.conda
https://conda.anaconda.org/conda-forge/noarch/certifi-2026.6.17-pyhd8ed1ab_0.conda
https://conda.anaconda.org/conda-forge/noarch/charset-normalizer-3.4.9-pyhd8ed1ab_0.conda
https://conda.anaconda.org/conda-forge/noarch/cloudpickle-3.1.2-pyhcf101f3_1.conda
https://conda.anaconda.org/conda-forge/noarch/colorama-0.4.6-pyhd8ed1ab_1.conda
https://conda.anaconda.org/conda-forge/noarch/cycler-0.12.1-pyhcf101f3_2.conda
https://conda.anaconda.org/conda-forge/noarch/docstring_parser-0.18.0-pyhd8ed1ab_0.conda
https://conda.anaconda.org/conda-forge/noarch/farama-notifications-0.0.4-pyhd8ed1ab_0.conda
https://conda.anaconda.org/conda-forge/noarch/filelock-3.29.7-pyhd8ed1ab_0.conda
https://conda.anaconda.org/conda-forge/linux-64/fltk-1.3.10-hff38c0f_0.conda
https://repo.anaconda.com/pkgs/main/linux-64/fontconfig-2.15.0-h2c49b7f_0.conda
https://conda.anaconda.org/conda-forge/linux-64/freeglut-3.2.2-ha6d2627_3.conda
https://conda.anaconda.org/conda-forge/noarch/fsspec-2026.6.0-pyhd8ed1ab_0.conda
https://conda.anaconda.org/conda-forge/linux-64/gl2ps-1.4.2-h36e74d4_2.conda
https://conda.anaconda.org/conda-forge/noarch/hpack-4.2.0-pyhd8ed1ab_0.conda
https://conda.anaconda.org/conda-forge/noarch/hyperframe-6.1.0-pyhd8ed1ab_0.conda
https://conda.anaconda.org/conda-forge/noarch/idna-3.18-pyhcf101f3_0.conda
https://conda.anaconda.org/conda-forge/noarch/iniconfig-2.3.0-pyhd8ed1ab_0.conda
https://conda.anaconda.org/conda-forge/linux-64/libgl-devel-1.7.0-ha4b6fd6_2.conda
https://conda.anaconda.org/conda-forge/linux-64/libnetcdf-4.9.2-nompi_h21f7587_118.conda
https://conda.anaconda.org/conda-forge/linux-64/libopenvino-2025.0.0-hdc3f47d_3.conda
https://conda.anaconda.org/conda-forge/linux-64/libpq-17.7-h5c52fec_1.conda
https://conda.anaconda.org/conda-forge/linux-64/libva-2.23.0-he1eb515_0.conda
https://conda.anaconda.org/conda-forge/linux-64/libvulkan-loader-1.4.341.0-h5279c79_0.conda
https://conda.anaconda.org/conda-forge/noarch/loguru-0.7.3-pyh707e725_0.conda
https://conda.anaconda.org/conda-forge/noarch/mdurl-0.1.2-pyhd8ed1ab_1.conda
https://conda.anaconda.org/conda-forge/noarch/mpmath-1.4.1-pyhd8ed1ab_0.conda
https://conda.anaconda.org/conda-forge/noarch/munkres-1.1.4-pyhd8ed1ab_1.conda
https://conda.anaconda.org/conda-forge/noarch/networkx-3.6.1-pyhcf101f3_0.conda
https://conda.anaconda.org/conda-forge/noarch/packaging-26.2-pyhc364b38_0.conda
https://conda.anaconda.org/conda-forge/noarch/platformdirs-4.10.0-pyhcf101f3_0.conda
https://conda.anaconda.org/conda-forge/noarch/pluggy-1.6.0-pyhf9edf01_1.conda
https://conda.anaconda.org/conda-forge/noarch/pygments-2.20.0-pyhd8ed1ab_0.conda
https://conda.anaconda.org/conda-forge/noarch/pyparsing-3.3.2-pyhcf101f3_0.conda
https://conda.anaconda.org/conda-forge/noarch/pysocks-1.7.1-pyha55dd90_7.conda
https://conda.anaconda.org/conda-forge/linux-64/python_abi-3.11-2_cp311.tar.bz2
https://conda.anaconda.org/conda-forge/noarch/scooby-0.11.2-pyhd8ed1ab_0.conda
https://conda.anaconda.org/conda-forge/noarch/setuptools-83.0.0-pyh332efcf_0.conda
https://conda.anaconda.org/conda-forge/noarch/six-1.17.0-pyhe01879c_1.conda
https://conda.anaconda.org/conda-forge/linux-64/tbb-devel-2023.0.0-hab88423_2.conda
https://conda.anaconda.org/conda-forge/noarch/tomli-2.4.1-pyhcf101f3_0.conda
https://conda.anaconda.org/conda-forge/noarch/typing_extensions-4.16.0-pyhcf101f3_0.conda
https://conda.anaconda.org/conda-forge/linux-64/xorg-libxtst-1.2.5-hb9d3cd8_3.conda
https://conda.anaconda.org/conda-forge/noarch/zipp-4.1.0-pyhcf101f3_0.conda
https://conda.anaconda.org/conda-forge/linux-64/backports.zstd-1.6.0-py311h6b1f9c4_0.conda
https://conda.anaconda.org/conda-forge/linux-64/blas-2.308-openblas.conda
https://conda.anaconda.org/conda-forge/linux-64/brotli-python-1.2.0-py311h66f275b_1.conda
https://conda.anaconda.org/conda-forge/noarch/cached-property-1.5.2-hd8ed1ab_2.conda
https://conda.anaconda.org/conda-forge/linux-64/cairo-1.18.4-h3394656_0.conda
https://conda.anaconda.org/conda-forge/noarch/cpython-3.11.15-py311hd8ed1ab_1.conda
https://conda.anaconda.org/conda-forge/noarch/exceptiongroup-1.3.1-pyhd8ed1ab_0.conda
https://conda.anaconda.org/conda-forge/linux-64/frozenlist-1.8.0-py311h52bc045_0.conda
https://conda.anaconda.org/conda-forge/linux-64/gmpy2-2.3.0-py311h92a432a_1.conda
https://conda.anaconda.org/conda-forge/noarch/h2-4.3.0-pyhcf101f3_0.conda
https://conda.anaconda.org/conda-forge/noarch/importlib-metadata-8.7.1-pyhcf101f3_0.conda
https://conda.anaconda.org/conda-forge/linux-64/jasper-4.2.9-h1588d4d_1.conda
https://conda.anaconda.org/conda-forge/linux-64/kiwisolver-1.5.0-py311h724c32c_0.conda
https://conda.anaconda.org/conda-forge/linux-64/libopenvino-auto-batch-plugin-2025.0.0-h4d9b6c2_3.conda
https://conda.anaconda.org/conda-forge/linux-64/libopenvino-auto-plugin-2025.0.0-h4d9b6c2_3.conda
https://conda.anaconda.org/conda-forge/linux-64/libopenvino-hetero-plugin-2025.0.0-h981d57b_3.conda
https://conda.anaconda.org/conda-forge/linux-64/libopenvino-intel-cpu-plugin-2025.0.0-hdc3f47d_3.conda
https://conda.anaconda.org/conda-forge/linux-64/libopenvino-intel-gpu-plugin-2025.0.0-hdc3f47d_3.conda
https://conda.anaconda.org/conda-forge/linux-64/libopenvino-intel-npu-plugin-2025.0.0-hdc3f47d_3.conda
https://conda.anaconda.org/conda-forge/linux-64/libopenvino-ir-frontend-2025.0.0-h981d57b_3.conda
https://conda.anaconda.org/conda-forge/linux-64/libopenvino-onnx-frontend-2025.0.0-h0e684df_3.conda
https://conda.anaconda.org/conda-forge/linux-64/libopenvino-paddle-frontend-2025.0.0-h0e684df_3.conda
https://conda.anaconda.org/conda-forge/linux-64/libopenvino-pytorch-frontend-2025.0.0-h5888daf_3.conda
https://conda.anaconda.org/conda-forge/linux-64/libopenvino-tensorflow-frontend-2025.0.0-h684f15b_3.conda
https://conda.anaconda.org/conda-forge/linux-64/libopenvino-tensorflow-lite-frontend-2025.0.0-h5888daf_3.conda
https://conda.anaconda.org/conda-forge/noarch/markdown-it-py-4.2.0-pyhd8ed1ab_0.conda
https://conda.anaconda.org/conda-forge/linux-64/markupsafe-3.0.3-py311h3778330_1.conda
https://conda.anaconda.org/conda-forge/linux-64/msgpack-python-1.2.1-py311h724c32c_1.conda
https://conda.anaconda.org/conda-forge/linux-64/multidict-6.7.1-py311h3778330_0.conda
https://conda.anaconda.org/conda-forge/linux-64/numpy-2.4.6-py311h2e04523_0.conda
https://conda.anaconda.org/conda-forge/linux-64/pillow-12.1.1-py311hf88fc01_0.conda
https://conda.anaconda.org/conda-forge/linux-64/propcache-0.5.2-py311h3778330_0.conda
https://conda.anaconda.org/conda-forge/noarch/python-dateutil-2.9.0.post0-pyhe01879c_2.conda
https://conda.anaconda.org/conda-forge/linux-64/sdl3-3.2.24-h68140b3_0.conda
https://conda.anaconda.org/conda-forge/linux-64/tornado-6.5.7-py311h49ec1c0_0.conda
https://conda.anaconda.org/conda-forge/noarch/typing-extensions-4.16.0-h69aa097_0.conda
https://conda.anaconda.org/conda-forge/noarch/typing-inspection-0.4.2-pyhcf101f3_2.conda
https://conda.anaconda.org/conda-forge/linux-64/unicodedata2-17.0.1-py311h49ec1c0_0.conda
https://conda.anaconda.org/conda-forge/noarch/wheel-0.47.0-pyhd8ed1ab_0.conda
https://conda.anaconda.org/conda-forge/noarch/aiosignal-1.4.0-pyhd8ed1ab_0.conda
https://conda.anaconda.org/conda-forge/noarch/annotated-types-0.7.0-pyhd8ed1ab_1.conda
https://conda.anaconda.org/conda-forge/linux-64/cftime-1.6.5-py311h0372a8f_1.conda
https://conda.anaconda.org/conda-forge/linux-64/contourpy-1.3.3-py311h724c32c_4.conda
https://conda.anaconda.org/conda-forge/linux-64/fonttools-4.63.0-py311h3778330_0.conda
https://conda.anaconda.org/conda-forge/linux-64/h5py-3.16.0-nompi_py311h0b2f468_102.conda
https://conda.anaconda.org/conda-forge/linux-64/harfbuzz-12.2.0-h15599e2_0.conda
https://conda.anaconda.org/conda-forge/noarch/importlib_metadata-8.7.1-h09eb056_0.conda
https://conda.anaconda.org/conda-forge/noarch/jax-jumpy-1.0.0-pyhd8ed1ab_1.conda
https://conda.anaconda.org/conda-forge/noarch/jinja2-3.1.6-pyhcf101f3_1.conda
https://conda.anaconda.org/conda-forge/linux-64/libraw-0.21.5-h074291d_0.conda
https://repo.anaconda.com/pkgs/main/linux-64/libtorch-2.7.0-cpu_openblas_hcd2cb80_0.conda
https://conda.anaconda.org/conda-forge/noarch/opentelemetry-api-1.43.0-pyhd8ed1ab_0.conda
https://conda.anaconda.org/conda-forge/linux-64/pandas-3.0.3-py311h8032f78_0.conda
https://conda.anaconda.org/conda-forge/noarch/pip-26.1.2-pyh8b19718_0.conda
https://conda.anaconda.org/conda-forge/linux-64/pydantic-core-2.46.4-py311h902ca64_0.conda
https://conda.anaconda.org/conda-forge/noarch/pytest-9.1.1-pyhc364b38_2.conda
https://conda.anaconda.org/conda-forge/noarch/rich-15.0.0-pyhcf101f3_0.conda
https://conda.anaconda.org/conda-forge/linux-64/scipy-1.17.1-py311hbe70eeb_1.conda
https://conda.anaconda.org/conda-forge/linux-64/sdl2-2.32.56-h54a6638_0.conda
https://conda.anaconda.org/conda-forge/noarch/sympy-1.14.0-pyh2585a3b_106.conda
https://conda.anaconda.org/conda-forge/noarch/urllib3-2.7.0-pyhd8ed1ab_0.conda
https://conda.anaconda.org/conda-forge/linux-64/yarl-1.24.2-py311h3778330_0.conda
https://conda.anaconda.org/conda-forge/linux-64/aiohttp-3.14.1-py311h55b9665_0.conda
https://conda.anaconda.org/conda-forge/linux-64/freeimage-3.18.0-h3a85593_22.conda
https://conda.anaconda.org/conda-forge/linux-64/gymnasium-1.3.0-np2py311hec5889a_1.conda
https://conda.anaconda.org/conda-forge/linux-64/libass-0.17.3-hba53ac1_1.conda
https://repo.anaconda.com/pkgs/main/linux-64/matplotlib-base-3.11.0-py311h8a257da_0.conda
https://conda.anaconda.org/conda-forge/linux-64/netcdf4-1.7.2-nompi_py311h0b29842_103.conda
https://conda.anaconda.org/conda-forge/linux-64/pango-1.56.4-hadf4263_0.conda
https://conda.anaconda.org/conda-forge/noarch/pydantic-2.13.4-pyhcf101f3_0.conda
https://repo.anaconda.com/pkgs/main/linux-64/pytorch-2.7.0-cpu_openblas_py311hb29e20a_0.conda
https://conda.anaconda.org/conda-forge/linux-64/qt6-main-6.9.2-h5bd77bc_1.conda
https://conda.anaconda.org/conda-forge/noarch/requests-2.34.2-pyhcf101f3_0.conda
https://conda.anaconda.org/conda-forge/noarch/rich-rst-2.1.0-pyhd8ed1ab_0.conda
https://conda.anaconda.org/conda-forge/noarch/cyclopts-4.20.0-pyhcf101f3_0.conda
https://conda.anaconda.org/conda-forge/linux-64/librsvg-2.58.4-h49af25d_2.conda
https://conda.anaconda.org/conda-forge/noarch/meshio-5.3.5-pyhd8ed1ab_0.conda
https://conda.anaconda.org/conda-forge/linux-64/occt-7.9.3-novtk_hac3f730_100.conda
https://conda.anaconda.org/conda-forge/noarch/pooch-1.9.0-pyhd8ed1ab_0.conda
https://conda.anaconda.org/conda-forge/linux-64/pyside6-6.9.2-py311h72d58bf_1.conda
https://conda.anaconda.org/conda-forge/noarch/wslink-2.5.7-pyhd8ed1ab_0.conda
https://conda.anaconda.org/conda-forge/linux-64/ffmpeg-7.1.1-gpl_h127656b_906.conda
https://conda.anaconda.org/conda-forge/linux-64/gmsh-4.15.0-hbdcdd55_4.conda
https://conda.anaconda.org/conda-forge/linux-64/matplotlib-3.11.0-py311h38be061_1.conda
https://conda.anaconda.org/conda-forge/linux-64/vtk-base-9.5.0-py311h193ab8d_0.conda
https://conda.anaconda.org/conda-forge/linux-64/libopencv-4.12.0-qt6_py311h60d3051_600.conda
https://conda.anaconda.org/conda-forge/noarch/pyvista-0.48.4-pyhd8ed1ab_0.conda
https://conda.anaconda.org/conda-forge/linux-64/vtk-io-ffmpeg-9.5.0-h5554b43_0.conda
https://conda.anaconda.org/conda-forge/linux-64/py-opencv-4.12.0-qt6_py311h5956852_600.conda
https://conda.anaconda.org/conda-forge/linux-64/vtk-9.5.0-h94a02a8_1.conda
https://conda.anaconda.org/conda-forge/linux-64/opencv-4.12.0-qt6_py311hdac47af_600.conda
